
Microsoft Visual Studio Solution File, Format Version 12.00
# Visual Studio Version 16
VisualStudioVersion = 16.0.33130.400
MinimumVisualStudioVersion = 10.0.40219.1
Project("{FAE04EC0-301F-11D3-BF4B-00C04F79EFBC}") = "Legitarsasagok-REST-API", "Legitarsasagok-REST-API\Legitarsasagok-REST-API.csproj", "{A5BCFAC8-2E83-4E29-98DE-230CEAC55D6A}"
EndProject
Global
	GlobalSection(SolutionConfigurationPlatforms) = preSolution
		Debug|Any CPU = Debug|Any CPU
		Release|Any CPU = Release|Any CPU
	EndGlobalSection
	GlobalSection(ProjectConfigurationPlatforms) = postSolution
		{A5BCFAC8-2E83-4E29-98DE-230CEAC55D6A}.Debug|Any CPU.ActiveCfg = Debug|Any CPU
		{A5BCFAC8-2E83-4E29-98DE-230CEAC55D6A}.Debug|Any CPU.Build.0 = Debug|Any CPU
		{A5BCFAC8-2E83-4E29-98DE-230CEAC55D6A}.Release|Any CPU.ActiveCfg = Release|Any CPU
		{A5BCFAC8-2E83-4E29-98DE-230CEAC55D6A}.Release|Any CPU.Build.0 = Release|Any CPU
	EndGlobalSection
	GlobalSection(SolutionProperties) = preSolution
		HideSolutionNode = FALSE
	EndGlobalSection
	GlobalSection(ExtensibilityGlobals) = postSolution
		SolutionGuid = {031FBBFC-00A1-47AD-9C6C-7EEC03F35661}
	EndGlobalSection
EndGlobal
